
Microsoft Visual Studio Solution File, Format Version 11.00
# Visual Studio 2010
Project("{FAE04EC0-301F-11D3-BF4B-00C04F79EFBC}") = "Day1", "..\Day1\Day1.csproj", "{609E24C7-4C77-4956-AC17-5C96146617D9}"
EndProject
Project("{FAE04EC0-301F-11D3-BF4B-00C04F79EFBC}") = "Day2", "..\Day2\Day2.csproj", "{5CE0D749-5C18-4C01-941F-32E54B85220C}"
EndProject
Project("{FAE04EC0-301F-11D3-BF4B-00C04F79EFBC}") = "Day3", "..\Day3\Day3.csproj", "{8BBE8D13-7BBE-4833-AFF3-8D3608F9D50C}"
EndProject
Project("{FAE04EC0-301F-11D3-BF4B-00C04F79EFBC}") = "Day4", "..\Day4\Day4.csproj", "{296997F2-A76C-4775-95EB-3180585BD933}"
EndProject
Project("{FAE04EC0-301F-11D3-BF4B-00C04F79EFBC}") = "Day5", "..\Day5\Day5.csproj", "{E11475C0-37FE-4137-AA09-844E94ADFE35}"
EndProject
Project("{FAE04EC0-301F-11D3-BF4B-00C04F79EFBC}") = "Day6", "..\Day6\Day6.csproj", "{F7DD55E2-6D09-45FA-9E23-64AE7C90A2E0}"
EndProject
Global
	GlobalSection(SolutionConfigurationPlatforms) = preSolution
		Debug|x86 = Debug|x86
		Release|x86 = Release|x86
	EndGlobalSection
	GlobalSection(ProjectConfigurationPlatforms) = postSolution
		{609E24C7-4C77-4956-AC17-5C96146617D9}.Debug|x86.ActiveCfg = Debug|x86
		{609E24C7-4C77-4956-AC17-5C96146617D9}.Debug|x86.Build.0 = Debug|x86
		{609E24C7-4C77-4956-AC17-5C96146617D9}.Release|x86.ActiveCfg = Release|x86
		{609E24C7-4C77-4956-AC17-5C96146617D9}.Release|x86.Build.0 = Release|x86
		{5CE0D749-5C18-4C01-941F-32E54B85220C}.Debug|x86.ActiveCfg = Debug|x86
		{5CE0D749-5C18-4C01-941F-32E54B85220C}.Debug|x86.Build.0 = Debug|x86
		{5CE0D749-5C18-4C01-941F-32E54B85220C}.Release|x86.ActiveCfg = Release|x86
		{5CE0D749-5C18-4C01-941F-32E54B85220C}.Release|x86.Build.0 = Release|x86
		{8BBE8D13-7BBE-4833-AFF3-8D3608F9D50C}.Debug|x86.ActiveCfg = Debug|x86
		{8BBE8D13-7BBE-4833-AFF3-8D3608F9D50C}.Debug|x86.Build.0 = Debug|x86
		{8BBE8D13-7BBE-4833-AFF3-8D3608F9D50C}.Release|x86.ActiveCfg = Release|x86
		{8BBE8D13-7BBE-4833-AFF3-8D3608F9D50C}.Release|x86.Build.0 = Release|x86
		{296997F2-A76C-4775-95EB-3180585BD933}.Debug|x86.ActiveCfg = Debug|x86
		{296997F2-A76C-4775-95EB-3180585BD933}.Debug|x86.Build.0 = Debug|x86
		{296997F2-A76C-4775-95EB-3180585BD933}.Release|x86.ActiveCfg = Release|x86
		{296997F2-A76C-4775-95EB-3180585BD933}.Release|x86.Build.0 = Release|x86
		{E11475C0-37FE-4137-AA09-844E94ADFE35}.Debug|x86.ActiveCfg = Debug|x86
		{E11475C0-37FE-4137-AA09-844E94ADFE35}.Debug|x86.Build.0 = Debug|x86
		{E11475C0-37FE-4137-AA09-844E94ADFE35}.Release|x86.ActiveCfg = Release|x86
		{E11475C0-37FE-4137-AA09-844E94ADFE35}.Release|x86.Build.0 = Release|x86
		{F7DD55E2-6D09-45FA-9E23-64AE7C90A2E0}.Debug|x86.ActiveCfg = Debug|x86
		{F7DD55E2-6D09-45FA-9E23-64AE7C90A2E0}.Debug|x86.Build.0 = Debug|x86
		{F7DD55E2-6D09-45FA-9E23-64AE7C90A2E0}.Release|x86.ActiveCfg = Release|x86
		{F7DD55E2-6D09-45FA-9E23-64AE7C90A2E0}.Release|x86.Build.0 = Release|x86
	EndGlobalSection
	GlobalSection(SolutionProperties) = preSolution
		HideSolutionNode = FALSE
	EndGlobalSection
EndGlobal
