
Microsoft Visual Studio Solution File, Format Version 11.00
# Visual Studio 2010
Project("{FAE04EC0-301F-11D3-BF4B-00C04F79EFBC}") = "Day1", "..\Day1\Day1.csproj", "{609E24C7-4C77-4956-AC17-5C96146617D9}"
EndProject
Project("{FAE04EC0-301F-11D3-BF4B-00C04F79EFBC}") = "Day2", "..\Day2\Day2.csproj", "{5CE0D749-5C18-4C01-941F-32E54B85220C}"
EndProject
Project("{FAE04EC0-301F-11D3-BF4B-00C04F79EFBC}") = "Day3", "..\Day3\Day3.csproj", "{8BBE8D13-7BBE-4833-AFF3-8D3608F9D50C}"
EndProject
Project("{FAE04EC0-301F-11D3-BF4B-00C04F79EFBC}") = "Day4", "..\Day4\Day4.csproj", "{296997F2-A76C-4775-95EB-3180585BD933}"
EndProject
Project("{FAE04EC0-301F-11D3-BF4B-00C04F79EFBC}") = "Day5", "..\Day5\Day5.csproj", "{E11475C0-37FE-4137-AA09-844E94ADFE35}"
EndProject
Project("{FAE04EC0-301F-11D3-BF4B-00C04F79EFBC}") = "Day6", "..\Day6\Day6.csproj", "{F7DD55E2-6D09-45FA-9E23-64AE7C90A2E0}"
EndProject
Project("{FAE04EC0-301F-11D3-BF4B-00C04F79EFBC}") = "Day8", "..\Day8\Day8.csproj", "{C49BA3D7-92AD-4A14-ACAE-A14B95D6C92B}"
EndProject
Project("{FAE04EC0-301F-11D3-BF4B-00C04F79EFBC}") = "Day7", "..\Day7\Day7.csproj", "{75761AC2-F160-4B9D-BA67-A7974960FD70}"
EndProject
Project("{FAE04EC0-301F-11D3-BF4B-00C04F79EFBC}") = "Day9", "..\Day9\Day9.csproj", "{62600FBC-96E1-4F17-9831-CD9E304A78E7}"
EndProject
Project("{FAE04EC0-301F-11D3-BF4B-00C04F79EFBC}") = "Day10", "..\Day10\Day10.csproj", "{28A4E559-DA8D-4A78-999F-61E1323C831E}"
EndProject
Global
	GlobalSection(SolutionConfigurationPlatforms) = preSolution
		Debug|Mixed Platforms = Debug|Mixed Platforms
		Debug|Win32 = Debug|Win32
		Debug|x86 = Debug|x86
		Release|Mixed Platforms = Release|Mixed Platforms
		Release|Win32 = Release|Win32
		Release|x86 = Release|x86
	EndGlobalSection
	GlobalSection(ProjectConfigurationPlatforms) = postSolution
		{609E24C7-4C77-4956-AC17-5C96146617D9}.Debug|Mixed Platforms.ActiveCfg = Debug|x86
		{609E24C7-4C77-4956-AC17-5C96146617D9}.Debug|Mixed Platforms.Build.0 = Debug|x86
		{609E24C7-4C77-4956-AC17-5C96146617D9}.Debug|Win32.ActiveCfg = Debug|x86
		{609E24C7-4C77-4956-AC17-5C96146617D9}.Debug|x86.ActiveCfg = Debug|x86
		{609E24C7-4C77-4956-AC17-5C96146617D9}.Debug|x86.Build.0 = Debug|x86
		{609E24C7-4C77-4956-AC17-5C96146617D9}.Release|Mixed Platforms.ActiveCfg = Release|x86
		{609E24C7-4C77-4956-AC17-5C96146617D9}.Release|Mixed Platforms.Build.0 = Release|x86
		{609E24C7-4C77-4956-AC17-5C96146617D9}.Release|Win32.ActiveCfg = Release|x86
		{609E24C7-4C77-4956-AC17-5C96146617D9}.Release|x86.ActiveCfg = Release|x86
		{609E24C7-4C77-4956-AC17-5C96146617D9}.Release|x86.Build.0 = Release|x86
		{5CE0D749-5C18-4C01-941F-32E54B85220C}.Debug|Mixed Platforms.ActiveCfg = Debug|x86
		{5CE0D749-5C18-4C01-941F-32E54B85220C}.Debug|Mixed Platforms.Build.0 = Debug|x86
		{5CE0D749-5C18-4C01-941F-32E54B85220C}.Debug|Win32.ActiveCfg = Debug|x86
		{5CE0D749-5C18-4C01-941F-32E54B85220C}.Debug|x86.ActiveCfg = Debug|x86
		{5CE0D749-5C18-4C01-941F-32E54B85220C}.Debug|x86.Build.0 = Debug|x86
		{5CE0D749-5C18-4C01-941F-32E54B85220C}.Release|Mixed Platforms.ActiveCfg = Release|x86
		{5CE0D749-5C18-4C01-941F-32E54B85220C}.Release|Mixed Platforms.Build.0 = Release|x86
		{5CE0D749-5C18-4C01-941F-32E54B85220C}.Release|Win32.ActiveCfg = Release|x86
		{5CE0D749-5C18-4C01-941F-32E54B85220C}.Release|x86.ActiveCfg = Release|x86
		{5CE0D749-5C18-4C01-941F-32E54B85220C}.Release|x86.Build.0 = Release|x86
		{8BBE8D13-7BBE-4833-AFF3-8D3608F9D50C}.Debug|Mixed Platforms.ActiveCfg = Debug|x86
		{8BBE8D13-7BBE-4833-AFF3-8D3608F9D50C}.Debug|Mixed Platforms.Build.0 = Debug|x86
		{8BBE8D13-7BBE-4833-AFF3-8D3608F9D50C}.Debug|Win32.ActiveCfg = Debug|x86
		{8BBE8D13-7BBE-4833-AFF3-8D3608F9D50C}.Debug|x86.ActiveCfg = Debug|x86
		{8BBE8D13-7BBE-4833-AFF3-8D3608F9D50C}.Debug|x86.Build.0 = Debug|x86
		{8BBE8D13-7BBE-4833-AFF3-8D3608F9D50C}.Release|Mixed Platforms.ActiveCfg = Release|x86
		{8BBE8D13-7BBE-4833-AFF3-8D3608F9D50C}.Release|Mixed Platforms.Build.0 = Release|x86
		{8BBE8D13-7BBE-4833-AFF3-8D3608F9D50C}.Release|Win32.ActiveCfg = Release|x86
		{8BBE8D13-7BBE-4833-AFF3-8D3608F9D50C}.Release|x86.ActiveCfg = Release|x86
		{8BBE8D13-7BBE-4833-AFF3-8D3608F9D50C}.Release|x86.Build.0 = Release|x86
		{296997F2-A76C-4775-95EB-3180585BD933}.Debug|Mixed Platforms.ActiveCfg = Debug|x86
		{296997F2-A76C-4775-95EB-3180585BD933}.Debug|Mixed Platforms.Build.0 = Debug|x86
		{296997F2-A76C-4775-95EB-3180585BD933}.Debug|Win32.ActiveCfg = Debug|x86
		{296997F2-A76C-4775-95EB-3180585BD933}.Debug|x86.ActiveCfg = Debug|x86
		{296997F2-A76C-4775-95EB-3180585BD933}.Debug|x86.Build.0 = Debug|x86
		{296997F2-A76C-4775-95EB-3180585BD933}.Release|Mixed Platforms.ActiveCfg = Release|x86
		{296997F2-A76C-4775-95EB-3180585BD933}.Release|Mixed Platforms.Build.0 = Release|x86
		{296997F2-A76C-4775-95EB-3180585BD933}.Release|Win32.ActiveCfg = Release|x86
		{296997F2-A76C-4775-95EB-3180585BD933}.Release|x86.ActiveCfg = Release|x86
		{296997F2-A76C-4775-95EB-3180585BD933}.Release|x86.Build.0 = Release|x86
		{E11475C0-37FE-4137-AA09-844E94ADFE35}.Debug|Mixed Platforms.ActiveCfg = Debug|x86
		{E11475C0-37FE-4137-AA09-844E94ADFE35}.Debug|Mixed Platforms.Build.0 = Debug|x86
		{E11475C0-37FE-4137-AA09-844E94ADFE35}.Debug|Win32.ActiveCfg = Debug|x86
		{E11475C0-37FE-4137-AA09-844E94ADFE35}.Debug|x86.ActiveCfg = Debug|x86
		{E11475C0-37FE-4137-AA09-844E94ADFE35}.Debug|x86.Build.0 = Debug|x86
		{E11475C0-37FE-4137-AA09-844E94ADFE35}.Release|Mixed Platforms.ActiveCfg = Release|x86
		{E11475C0-37FE-4137-AA09-844E94ADFE35}.Release|Mixed Platforms.Build.0 = Release|x86
		{E11475C0-37FE-4137-AA09-844E94ADFE35}.Release|Win32.ActiveCfg = Release|x86
		{E11475C0-37FE-4137-AA09-844E94ADFE35}.Release|x86.ActiveCfg = Release|x86
		{E11475C0-37FE-4137-AA09-844E94ADFE35}.Release|x86.Build.0 = Release|x86
		{F7DD55E2-6D09-45FA-9E23-64AE7C90A2E0}.Debug|Mixed Platforms.ActiveCfg = Debug|x86
		{F7DD55E2-6D09-45FA-9E23-64AE7C90A2E0}.Debug|Mixed Platforms.Build.0 = Debug|x86
		{F7DD55E2-6D09-45FA-9E23-64AE7C90A2E0}.Debug|Win32.ActiveCfg = Debug|x86
		{F7DD55E2-6D09-45FA-9E23-64AE7C90A2E0}.Debug|x86.ActiveCfg = Debug|x86
		{F7DD55E2-6D09-45FA-9E23-64AE7C90A2E0}.Debug|x86.Build.0 = Debug|x86
		{F7DD55E2-6D09-45FA-9E23-64AE7C90A2E0}.Release|Mixed Platforms.ActiveCfg = Release|x86
		{F7DD55E2-6D09-45FA-9E23-64AE7C90A2E0}.Release|Mixed Platforms.Build.0 = Release|x86
		{F7DD55E2-6D09-45FA-9E23-64AE7C90A2E0}.Release|Win32.ActiveCfg = Release|x86
		{F7DD55E2-6D09-45FA-9E23-64AE7C90A2E0}.Release|x86.ActiveCfg = Release|x86
		{F7DD55E2-6D09-45FA-9E23-64AE7C90A2E0}.Release|x86.Build.0 = Release|x86
		{C49BA3D7-92AD-4A14-ACAE-A14B95D6C92B}.Debug|Mixed Platforms.ActiveCfg = Debug|x86
		{C49BA3D7-92AD-4A14-ACAE-A14B95D6C92B}.Debug|Mixed Platforms.Build.0 = Debug|x86
		{C49BA3D7-92AD-4A14-ACAE-A14B95D6C92B}.Debug|Win32.ActiveCfg = Debug|x86
		{C49BA3D7-92AD-4A14-ACAE-A14B95D6C92B}.Debug|x86.ActiveCfg = Debug|x86
		{C49BA3D7-92AD-4A14-ACAE-A14B95D6C92B}.Debug|x86.Build.0 = Debug|x86
		{C49BA3D7-92AD-4A14-ACAE-A14B95D6C92B}.Release|Mixed Platforms.ActiveCfg = Release|x86
		{C49BA3D7-92AD-4A14-ACAE-A14B95D6C92B}.Release|Mixed Platforms.Build.0 = Release|x86
		{C49BA3D7-92AD-4A14-ACAE-A14B95D6C92B}.Release|Win32.ActiveCfg = Release|x86
		{C49BA3D7-92AD-4A14-ACAE-A14B95D6C92B}.Release|x86.ActiveCfg = Release|x86
		{C49BA3D7-92AD-4A14-ACAE-A14B95D6C92B}.Release|x86.Build.0 = Release|x86
		{75761AC2-F160-4B9D-BA67-A7974960FD70}.Debug|Mixed Platforms.ActiveCfg = Debug|x86
		{75761AC2-F160-4B9D-BA67-A7974960FD70}.Debug|Mixed Platforms.Build.0 = Debug|x86
		{75761AC2-F160-4B9D-BA67-A7974960FD70}.Debug|Win32.ActiveCfg = Debug|x86
		{75761AC2-F160-4B9D-BA67-A7974960FD70}.Debug|x86.ActiveCfg = Debug|x86
		{75761AC2-F160-4B9D-BA67-A7974960FD70}.Debug|x86.Build.0 = Debug|x86
		{75761AC2-F160-4B9D-BA67-A7974960FD70}.Release|Mixed Platforms.ActiveCfg = Release|x86
		{75761AC2-F160-4B9D-BA67-A7974960FD70}.Release|Mixed Platforms.Build.0 = Release|x86
		{75761AC2-F160-4B9D-BA67-A7974960FD70}.Release|Win32.ActiveCfg = Release|x86
		{75761AC2-F160-4B9D-BA67-A7974960FD70}.Release|x86.ActiveCfg = Release|x86
		{75761AC2-F160-4B9D-BA67-A7974960FD70}.Release|x86.Build.0 = Release|x86
		{62600FBC-96E1-4F17-9831-CD9E304A78E7}.Debug|Mixed Platforms.ActiveCfg = Debug|x86
		{62600FBC-96E1-4F17-9831-CD9E304A78E7}.Debug|Mixed Platforms.Build.0 = Debug|x86
		{62600FBC-96E1-4F17-9831-CD9E304A78E7}.Debug|Win32.ActiveCfg = Debug|x86
		{62600FBC-96E1-4F17-9831-CD9E304A78E7}.Debug|x86.ActiveCfg = Debug|x86
		{62600FBC-96E1-4F17-9831-CD9E304A78E7}.Debug|x86.Build.0 = Debug|x86
		{62600FBC-96E1-4F17-9831-CD9E304A78E7}.Release|Mixed Platforms.ActiveCfg = Release|x86
		{62600FBC-96E1-4F17-9831-CD9E304A78E7}.Release|Mixed Platforms.Build.0 = Release|x86
		{62600FBC-96E1-4F17-9831-CD9E304A78E7}.Release|Win32.ActiveCfg = Release|x86
		{62600FBC-96E1-4F17-9831-CD9E304A78E7}.Release|x86.ActiveCfg = Release|x86
		{62600FBC-96E1-4F17-9831-CD9E304A78E7}.Release|x86.Build.0 = Release|x86
		{28A4E559-DA8D-4A78-999F-61E1323C831E}.Debug|Mixed Platforms.ActiveCfg = Debug|x86
		{28A4E559-DA8D-4A78-999F-61E1323C831E}.Debug|Mixed Platforms.Build.0 = Debug|x86
		{28A4E559-DA8D-4A78-999F-61E1323C831E}.Debug|Win32.ActiveCfg = Debug|x86
		{28A4E559-DA8D-4A78-999F-61E1323C831E}.Debug|x86.ActiveCfg = Debug|x86
		{28A4E559-DA8D-4A78-999F-61E1323C831E}.Debug|x86.Build.0 = Debug|x86
		{28A4E559-DA8D-4A78-999F-61E1323C831E}.Release|Mixed Platforms.ActiveCfg = Release|x86
		{28A4E559-DA8D-4A78-999F-61E1323C831E}.Release|Mixed Platforms.Build.0 = Release|x86
		{28A4E559-DA8D-4A78-999F-61E1323C831E}.Release|Win32.ActiveCfg = Release|x86
		{28A4E559-DA8D-4A78-999F-61E1323C831E}.Release|x86.ActiveCfg = Release|x86
		{28A4E559-DA8D-4A78-999F-61E1323C831E}.Release|x86.Build.0 = Release|x86
	EndGlobalSection
	GlobalSection(SolutionProperties) = preSolution
		HideSolutionNode = FALSE
	EndGlobalSection
EndGlobal
